// !$*UTF8*$!
{
	archiveVersion = 1;
	classes = {
	};
	objectVersion = 46;
	objects = {

/* Begin PBXBuildFile section */
		78840EDE1C0384D4002CC1C6 /* AppDelegate.swift in Sources */ = {isa = PBXBuildFile; fileRef = 78840EDD1C0384D4002CC1C6 /* AppDelegate.swift */; };
		78840EE01C0384D4002CC1C6 /* ViewController.swift in Sources */ = {isa = PBXBuildFile; fileRef = 78840EDF1C0384D4002CC1C6 /* ViewController.swift */; };
		78840EE31C0384D4002CC1C6 /* Main.storyboard in Resources */ = {isa = PBXBuildFile; fileRef = 78840EE11C0384D4002CC1C6 /* Main.storyboard */; };
		78840EE51C0384D4002CC1C6 /* Images.xcassets in Resources */ = {isa = PBXBuildFile; fileRef = 78840EE41C0384D4002CC1C6 /* Images.xcassets */; };
		78840EE81C0384D4002CC1C6 /* LaunchScreen.xib in Resources */ = {isa = PBXBuildFile; fileRef = 78840EE61C0384D4002CC1C6 /* LaunchScreen.xib */; };
		78840EF41C0384D4002CC1C6 /* RunCalcTests.swift in Sources */ = {isa = PBXBuildFile; fileRef = 78840EF31C0384D4002CC1C6 /* RunCalcTests.swift */; };
/* End PBXBuildFile section */

/* Begin PBXContainerItemProxy section */
		78840EEE1C0384D4002CC1C6 /* PBXContainerItemProxy */ = {
			isa = PBXContainerItemProxy;
			containerPortal = 78840ED01C0384D4002CC1C6 /* Project object */;
			proxyType = 1;
			remoteGlobalIDString = 78840ED71C0384D4002CC1C6;
			remoteInfo = RunCalc;
		};
/* End PBXContainerItemProxy section */

/* Begin PBXFileReference section */
		78840ED81C0384D4002CC1C6 /* RunCalc.app */ = {isa = PBXFileReference; explicitFileType = wrapper.application; includeInIndex = 0; path = RunCalc.app; sourceTree = BUILT_PRODUCTS_DIR; };
		78840EDC1C0384D4002CC1C6 /* Info.plist */ = {isa = PBXFileReference; lastKnownFileType = text.plist.xml; path = Info.plist; sourceTree = "<group>"; };
		78840EDD1C0384D4002CC1C6 /* AppDelegate.swift */ = {isa = PBXFileReference; lastKnownFileType = sourcecode.swift; path = AppDelegate.swift; sourceTree = "<group>"; };
		78840EDF1C0384D4002CC1C6 /* ViewController.swift */ = {isa = PBXFileReference; lastKnownFileType = sourcecode.swift; path = ViewController.swift; sourceTree = "<group>"; };
		78840EE21C0384D4002CC1C6 /* Base */ = {isa = PBXFileReference; lastKnownFileType = file.storyboard; name = Base; path = Base.lproj/Main.storyboard; sourceTree = "<group>"; };
		78840EE41C0384D4002CC1C6 /* Images.xcassets */ = {isa = PBXFileReference; lastKnownFileType = folder.assetcatalog; path = Images.xcassets; sourceTree = "<group>"; };
		78840EE71C0384D4002CC1C6 /* Base */ = {isa = PBXFileReference; lastKnownFileType = file.xib; name = Base; path = Base.lproj/LaunchScreen.xib; sourceTree = "<group>"; };
		78840EED1C0384D4002CC1C6 /* RunCalcTests.xctest */ = {isa = PBXFileReference; explicitFileType = wrapper.cfbundle; includeInIndex = 0; path = RunCalcTests.xctest; sourceTree = BUILT_PRODUCTS_DIR; };
		78840EF21C0384D4002CC1C6 /* Info.plist */ = {isa = PBXFileReference; lastKnownFileType = text.plist.xml; path = Info.plist; sourceTree = "<group>"; };
		78840EF31C0384D4002CC1C6 /* RunCalcTests.swift */ = {isa = PBXFileReference; lastKnownFileType = sourcecode.swift; path = RunCalcTests.swift; sourceTree = "<group>"; };
/* End PBXFileReference section */

/* Begin PBXFrameworksBuildPhase section */
		78840ED51C0384D4002CC1C6 /* Frameworks */ = {
			isa = PBXFrameworksBuildPhase;
			buildActionMask = 2147483647;
			files = (
			);
			runOnlyForDeploymentPostprocessing = 0;
		};
		78840EEA1C0384D4002CC1C6 /* Frameworks */ = {
			isa = PBXFrameworksBuildPhase;
			buildActionMask = 2147483647;
			files = (
			);
			runOnlyForDeploymentPostprocessing = 0;
		};
/* End PBXFrameworksBuildPhase section */

/* Begin PBXGroup section */
		78840ECF1C0384D4002CC1C6 = {
			isa = PBXGroup;
			children = (
				78840EDA1C0384D4002CC1C6 /* RunCalc */,
				78840EF01C0384D4002CC1C6 /* RunCalcTests */,
				78840ED91C0384D4002CC1C6 /* Products */,
			);
			sourceTree = "<group>";
		};
		78840ED91C0384D4002CC1C6 /* Products */ = {
			isa = PBXGroup;
			children = (
				78840ED81C0384D4002CC1C6 /* RunCalc.app */,
				78840EED1C0384D4002CC1C6 /* RunCalcTests.xctest */,
			);
			name = Products;
			sourceTree = "<group>";
		};
		78840EDA1C0384D4002CC1C6 /* RunCalc */ = {
			isa = PBXGroup;
			children = (
				78840EDD1C0384D4002CC1C6 /* AppDelegate.swift */,
				78840EDF1C0384D4002CC1C6 /* ViewController.swift */,
				78840EE11C0384D4002CC1C6 /* Main.storyboard */,
				78840EE41C0384D4002CC1C6 /* Images.xcassets */,
				78840EE61C0384D4002CC1C6 /* LaunchScreen.xib */,
				78840EDB1C0384D4002CC1C6 /* Supporting Files */,
			);
			path = RunCalc;
			sourceTree = "<group>";
		};
		78840EDB1C0384D4002CC1C6 /* Supporting Files */ = {
			isa = PBXGroup;
			children = (
				78840EDC1C0384D4002CC1C6 /* Info.plist */,
			);
			name = "Supporting Files";
			sourceTree = "<group>";
		};
		78840EF01C0384D4002CC1C6 /* RunCalcTests */ = {
			isa = PBXGroup;
			children = (
				78840EF31C0384D4002CC1C6 /* RunCalcTests.swift */,
				78840EF11C0384D4002CC1C6 /* Supporting Files */,
			);
			path = RunCalcTests;
			sourceTree = "<group>";
		};
		78840EF11C0384D4002CC1C6 /* Supporting Files */ = {
			isa = PBXGroup;
			children = (
				78840EF21C0384D4002CC1C6 /* Info.plist */,
			);
			name = "Supporting Files";
			sourceTree = "<group>";
		};
/* End PBXGroup section */

/* Begin PBXNativeTarget section */
		78840ED71C0384D4002CC1C6 /* RunCalc */ = {
			isa = PBXNativeTarget;
			buildConfigurationList = 78840EF71C0384D4002CC1C6 /* Build configuration list for PBXNativeTarget "RunCalc" */;
			buildPhases = (
				78840ED41C0384D4002CC1C6 /* Sources */,
				78840ED51C0384D4002CC1C6 /* Frameworks */,
				78840ED61C0384D4002CC1C6 /* Resources */,
			);
			buildRules = (
			);
			dependencies = (
			);
			name = RunCalc;
			productName = RunCalc;
			productReference = 78840ED81C0384D4002CC1C6 /* RunCalc.app */;
			productType = "com.apple.product-type.application";
		};
		78840EEC1C0384D4002CC1C6 /* RunCalcTests */ = {
			isa = PBXNativeTarget;
			buildConfigurationList = 78840EFA1C0384D4002CC1C6 /* Build configuration list for PBXNativeTarget "RunCalcTests" */;
			buildPhases = (
				78840EE91C0384D4002CC1C6 /* Sources */,
				78840EEA1C0384D4002CC1C6 /* Frameworks */,
				78840EEB1C0384D4002CC1C6 /* Resources */,
			);
			buildRules = (
			);
			dependencies = (
				78840EEF1C0384D4002CC1C6 /* PBXTargetDependency */,
			);
			name = RunCalcTests;
			productName = RunCalcTests;
			productReference = 78840EED1C0384D4002CC1C6 /* RunCalcTests.xctest */;
			productType = "com.apple.product-type.bundle.unit-test";
		};
/* End PBXNativeTarget section */

/* Begin PBXProject section */
		78840ED01C0384D4002CC1C6 /* Project object */ = {
			isa = PBXProject;
			attributes = {
				LastSwiftUpdateCheck = 0730;
				LastUpgradeCheck = 0640;
				ORGANIZATIONNAME = "Samuel Oh";
				TargetAttributes = {
					78840ED71C0384D4002CC1C6 = {
						CreatedOnToolsVersion = 6.4;
					};
					78840EEC1C0384D4002CC1C6 = {
						CreatedOnToolsVersion = 6.4;
						TestTargetID = 78840ED71C0384D4002CC1C6;
					};
				};
			};
			buildConfigurationList = 78840ED31C0384D4002CC1C6 /* Build configuration list for PBXProject "RunCalc" */;
			compatibilityVersion = "Xcode 3.2";
			developmentRegion = English;
			hasScannedForEncodings = 0;
			knownRegions = (
				en,
				Base,
			);
			mainGroup = 78840ECF1C0384D4002CC1C6;
			productRefGroup = 78840ED91C0384D4002CC1C6 /* Products */;
			projectDirPath = "";
			projectRoot = "";
			targets = (
				78840ED71C0384D4002CC1C6 /* RunCalc */,
				78840EEC1C0384D4002CC1C6 /* RunCalcTests */,
			);
		};
/* End PBXProject section */

/* Begin PBXResourcesBuildPhase section */
		78840ED61C0384D4002CC1C6 /* Resources */ = {
			isa = PBXResourcesBuildPhase;
			buildActionMask = 2147483647;
			files = (
				78840EE31C0384D4002CC1C6 /* Main.storyboard in Resources */,
				78840EE81C0384D4002CC1C6 /* LaunchScreen.xib in Resources */,
				78840EE51C0384D4002CC1C6 /* Images.xcassets in Resources */,
			);
			runOnlyForDeploymentPostprocessing = 0;
		};
		78840EEB1C0384D4002CC1C6 /* Resources */ = {
			isa = PBXResourcesBuildPhase;
			buildActionMask = 2147483647;
			files = (
			);
			runOnlyForDeploymentPostprocessing = 0;
		};
/* End PBXResourcesBuildPhase section */

/* Begin PBXSourcesBuildPhase section */
		78840ED41C0384D4002CC1C6 /* Sources */ = {
			isa = PBXSourcesBuildPhase;
			buildActionMask = 2147483647;
			files = (
				78840EE01C0384D4002CC1C6 /* ViewController.swift in Sources */,
				78840EDE1C0384D4002CC1C6 /* AppDelegate.swift in Sources */,
			);
			runOnlyForDeploymentPostprocessing = 0;
		};
		78840EE91C0384D4002CC1C6 /* Sources */ = {
			isa = PBXSourcesBuildPhase;
			buildActionMask = 2147483647;
			files = (
				78840EF41C0384D4002CC1C6 /* RunCalcTests.swift in Sources */,
			);
			runOnlyForDeploymentPostprocessing = 0;
		};
/* End PBXSourcesBuildPhase section */

/* Begin PBXTargetDependency section */
		78840EEF1C0384D4002CC1C6 /* PBXTargetDependency */ = {
			isa = PBXTargetDependency;
			target = 78840ED71C0384D4002CC1C6 /* RunCalc */;
			targetProxy = 78840EEE1C0384D4002CC1C6 /* PBXContainerItemProxy */;
		};
/* End PBXTargetDependency section */

/* Begin PBXVariantGroup section */
		78840EE11C0384D4002CC1C6 /* Main.storyboard */ = {
			isa = PBXVariantGroup;
			children = (
				78840EE21C0384D4002CC1C6 /* Base */,
			);
			name = Main.storyboard;
			sourceTree = "<group>";
		};
		78840EE61C0384D4002CC1C6 /* LaunchScreen.xib */ = {
			isa = PBXVariantGroup;
			children = (
				78840EE71C0384D4002CC1C6 /* Base */,
			);
			name = LaunchScreen.xib;
			sourceTree = "<group>";
		};
/* End PBXVariantGroup section */

/* Begin XCBuildConfiguration section */
		78840EF51C0384D4002CC1C6 /* Debug */ = {
			isa = XCBuildConfiguration;
			buildSettings = {
				ALWAYS_SEARCH_USER_PATHS = NO;
				CLANG_CXX_LANGUAGE_STANDARD = "gnu++0x";
				CLANG_CXX_LIBRARY = "libc++";
				CLANG_ENABLE_MODULES = YES;
				CLANG_ENABLE_OBJC_ARC = YES;
				CLANG_WARN_BOOL_CONVERSION = YES;
				CLANG_WARN_CONSTANT_CONVERSION = YES;
				CLANG_WARN_DIRECT_OBJC_ISA_USAGE = YES_ERROR;
				CLANG_WARN_EMPTY_BODY = YES;
				CLANG_WARN_ENUM_CONVERSION = YES;
				CLANG_WARN_INT_CONVERSION = YES;
				CLANG_WARN_OBJC_ROOT_CLASS = YES_ERROR;
				CLANG_WARN_UNREACHABLE_CODE = YES;
				CLANG_WARN__DUPLICATE_METHOD_MATCH = YES;
				"CODE_SIGN_IDENTITY[sdk=iphoneos*]" = "iPhone Developer";
				COPY_PHASE_STRIP = NO;
				DEBUG_INFORMATION_FORMAT = "dwarf-with-dsym";
				ENABLE_STRICT_OBJC_MSGSEND = YES;
				GCC_C_LANGUAGE_STANDARD = gnu99;
				GCC_DYNAMIC_NO_PIC = NO;
				GCC_NO_COMMON_BLOCKS = YES;
				GCC_OPTIMIZATION_LEVEL = 0;
				GCC_PREPROCESSOR_DEFINITIONS = (
					"DEBUG=1",
					"$(inherited)",
				);
				GCC_SYMBOLS_PRIVATE_EXTERN = NO;
				GCC_WARN_64_TO_32_BIT_CONVERSION = YES;
				GCC_WARN_ABOUT_RETURN_TYPE = YES_ERROR;
				GCC_WARN_UNDECLARED_SELECTOR = YES;
				GCC_WARN_UNINITIALIZED_AUTOS = YES_AGGRESSIVE;
				GCC_WARN_UNUSED_FUNCTION = YES;
				GCC_WARN_UNUSED_VARIABLE = YES;
				IPHONEOS_DEPLOYMENT_TARGET = 8.4;
				MTL_ENABLE_DEBUG_INFO = YES;
				ONLY_ACTIVE_ARCH = YES;
				SDKROOT = iphoneos;
				SWIFT_OPTIMIZATION_LEVEL = "-Onone";
			};
			name = Debug;
		};
		78840EF61C0384D4002CC1C6 /* Release */ = {
			isa = XCBuildConfiguration;
			buildSettings = {
				ALWAYS_SEARCH_USER_PATHS = NO;
				CLANG_CXX_LANGUAGE_STANDARD = "gnu++0x";
				CLANG_CXX_LIBRARY = "libc++";
				CLANG_ENABLE_MODULES = YES;
				CLANG_ENABLE_OBJC_ARC = YES;
				CLANG_WARN_BOOL_CONVERSION = YES;
				CLANG_WARN_CONSTANT_CONVERSION = YES;
				CLANG_WARN_DIRECT_OBJC_ISA_USAGE = YES_ERROR;
				CLANG_WARN_EMPTY_BODY = YES;
				CLANG_WARN_ENUM_CONVERSION = YES;
				CLANG_WARN_INT_CONVERSION = YES;
				CLANG_WARN_OBJC_ROOT_CLASS = YES_ERROR;
				CLANG_WARN_UNREACHABLE_CODE = YES;
				CLANG_WARN__DUPLICATE_METHOD_MATCH = YES;
				"CODE_SIGN_IDENTITY[sdk=iphoneos*]" = "iPhone Developer";
				COPY_PHASE_STRIP = NO;
				DEBUG_INFORMATION_FORMAT = "dwarf-with-dsym";
				ENABLE_NS_ASSERTIONS = NO;
				ENABLE_STRICT_OBJC_MSGSEND = YES;
				GCC_C_LANGUAGE_STANDARD = gnu99;
				GCC_NO_COMMON_BLOCKS = YES;
				GCC_WARN_64_TO_32_BIT_CONVERSION = YES;
				GCC_WARN_ABOUT_RETURN_TYPE = YES_ERROR;
				GCC_WARN_UNDECLARED_SELECTOR = YES;
				GCC_WARN_UNINITIALIZED_AUTOS = YES_AGGRESSIVE;
				GCC_WARN_UNUSED_FUNCTION = YES;
				GCC_WARN_UNUSED_VARIABLE = YES;
				IPHONEOS_DEPLOYMENT_TARGET = 8.4;
				MTL_ENABLE_DEBUG_INFO = NO;
				SDKROOT = iphoneos;
				VALIDATE_PRODUCT = YES;
			};
			name = Release;
		};
		78840EF81C0384D4002CC1C6 /* Debug */ = {
			isa = XCBuildConfiguration;
			buildSettings = {
				ASSETCATALOG_COMPILER_APPICON_NAME = AppIcon;
				INFOPLIST_FILE = RunCalc/Info.plist;
				LD_RUNPATH_SEARCH_PATHS = "$(inherited) @executable_path/Frameworks";
				PRODUCT_NAME = "$(TARGET_NAME)";
			};
			name = Debug;
		};
		78840EF91C0384D4002CC1C6 /* Release */ = {
			isa = XCBuildConfiguration;
			buildSettings = {
				ASSETCATALOG_COMPILER_APPICON_NAME = AppIcon;
				INFOPLIST_FILE = RunCalc/Info.plist;
				LD_RUNPATH_SEARCH_PATHS = "$(inherited) @executable_path/Frameworks";
				PRODUCT_NAME = "$(TARGET_NAME)";
			};
			name = Release;
		};
		78840EFB1C0384D4002CC1C6 /* Debug */ = {
			isa = XCBuildConfiguration;
			buildSettings = {
				BUNDLE_LOADER = "$(TEST_HOST)";
				FRAMEWORK_SEARCH_PATHS = (
					"$(SDKROOT)/Developer/Library/Frameworks",
					"$(inherited)",
				);
				GCC_PREPROCESSOR_DEFINITIONS = (
					"DEBUG=1",
					"$(inherited)",
				);
				INFOPLIST_FILE = RunCalcTests/Info.plist;
				LD_RUNPATH_SEARCH_PATHS = "$(inherited) @executable_path/Frameworks @loader_path/Frameworks";
				PRODUCT_NAME = "$(TARGET_NAME)";
				TEST_HOST = "$(BUILT_PRODUCTS_DIR)/RunCalc.app/RunCalc";
			};
			name = Debug;
		};
		78840EFC1C0384D4002CC1C6 /* Release */ = {
			isa = XCBuildConfiguration;
			buildSettings = {
				BUNDLE_LOADER = "$(TEST_HOST)";
				FRAMEWORK_SEARCH_PATHS = (
					"$(SDKROOT)/Developer/Library/Frameworks",
					"$(inherited)",
				);
				INFOPLIST_FILE = RunCalcTests/Info.plist;
				LD_RUNPATH_SEARCH_PATHS = "$(inherited) @executable_path/Frameworks @loader_path/Frameworks";
				PRODUCT_NAME = "$(TARGET_NAME)";
				TEST_HOST = "$(BUILT_PRODUCTS_DIR)/RunCalc.app/RunCalc";
			};
			name = Release;
		};
/* End XCBuildConfiguration section */

/* Begin XCConfigurationList section */
		78840ED31C0384D4002CC1C6 /* Build configuration list for PBXProject "RunCalc" */ = {
			isa = XCConfigurationList;
			buildConfigurations = (
				78840EF51C0384D4002CC1C6 /* Debug */,
				78840EF61C0384D4002CC1C6 /* Release */,
			);
			defaultConfigurationIsVisible = 0;
			defaultConfigurationName = Release;
		};
		78840EF71C0384D4002CC1C6 /* Build configuration list for PBXNativeTarget "RunCalc" */ = {
			isa = XCConfigurationList;
			buildConfigurations = (
				78840EF81C0384D4002CC1C6 /* Debug */,
				78840EF91C0384D4002CC1C6 /* Release */,
			);
			defaultConfigurationIsVisible = 0;
			defaultConfigurationName = Release;
		};
		78840EFA1C0384D4002CC1C6 /* Build configuration list for PBXNativeTarget "RunCalcTests" */ = {
			isa = XCConfigurationList;
			buildConfigurations = (
				78840EFB1C0384D4002CC1C6 /* Debug */,
				78840EFC1C0384D4002CC1C6 /* Release */,
			);
			defaultConfigurationIsVisible = 0;
			defaultConfigurationName = Release;
		};
/* End XCConfigurationList section */
	};
	rootObject = 78840ED01C0384D4002CC1C6 /* Project object */;
}
